
Microsoft Visual Studio Solution File, Format Version 12.00
# Visual Studio Version 17
VisualStudioVersion = 17.0.31903.59
MinimumVisualStudioVersion = 10.0.40219.1
Project("{FAE04EC0-301F-11D3-BF4B-00C04F79EFBC}") = "K8ServiceMash.Main", "K8ServiceMash.Main\K8ServiceMash.Main.csproj", "{1757E0E8-DFEB-49B9-A31C-B720016EC97A}"
EndProject
Project("{FAE04EC0-301F-11D3-BF4B-00C04F79EFBC}") = "K8ServiceMash.Core", "K8ServiceMash.Core\K8ServiceMash.Core.csproj", "{2DD8C373-C108-4074-809D-6BB7165BD8F5}"
EndProject
Global
	GlobalSection(SolutionConfigurationPlatforms) = preSolution
		Debug|Any CPU = Debug|Any CPU
		Release|Any CPU = Release|Any CPU
	EndGlobalSection
	GlobalSection(SolutionProperties) = preSolution
		HideSolutionNode = FALSE
	EndGlobalSection
	GlobalSection(ProjectConfigurationPlatforms) = postSolution
		{1757E0E8-DFEB-49B9-A31C-B720016EC97A}.Debug|Any CPU.ActiveCfg = Debug|Any CPU
		{1757E0E8-DFEB-49B9-A31C-B720016EC97A}.Debug|Any CPU.Build.0 = Debug|Any CPU
		{1757E0E8-DFEB-49B9-A31C-B720016EC97A}.Release|Any CPU.ActiveCfg = Release|Any CPU
		{1757E0E8-DFEB-49B9-A31C-B720016EC97A}.Release|Any CPU.Build.0 = Release|Any CPU
		{2DD8C373-C108-4074-809D-6BB7165BD8F5}.Debug|Any CPU.ActiveCfg = Debug|Any CPU
		{2DD8C373-C108-4074-809D-6BB7165BD8F5}.Debug|Any CPU.Build.0 = Debug|Any CPU
		{2DD8C373-C108-4074-809D-6BB7165BD8F5}.Release|Any CPU.ActiveCfg = Release|Any CPU
		{2DD8C373-C108-4074-809D-6BB7165BD8F5}.Release|Any CPU.Build.0 = Release|Any CPU
	EndGlobalSection
EndGlobal
